
Microsoft Visual Studio Solution File, Format Version 12.00
# Visual Studio Version 16
VisualStudioVersion = 16.0.29728.190
MinimumVisualStudioVersion = 10.0.40219.1
Project("{FAE04EC0-301F-11D3-BF4B-00C04F79EFBC}") = "BookStore", "BookStore\BookStore.csproj", "{AE135907-CE55-4768-AABD-0AC5F85FB6AE}"
EndProject
Global
	GlobalSection(SolutionConfigurationPlatforms) = preSolution
		Debug|Any CPU = Debug|Any CPU
		Release|Any CPU = Release|Any CPU
	EndGlobalSection
	GlobalSection(ProjectConfigurationPlatforms) = postSolution
		{AE135907-CE55-4768-AABD-0AC5F85FB6AE}.Debug|Any CPU.ActiveCfg = Debug|Any CPU
		{AE135907-CE55-4768-AABD-0AC5F85FB6AE}.Debug|Any CPU.Build.0 = Debug|Any CPU
		{AE135907-CE55-4768-AABD-0AC5F85FB6AE}.Release|Any CPU.ActiveCfg = Release|Any CPU
		{AE135907-CE55-4768-AABD-0AC5F85FB6AE}.Release|Any CPU.Build.0 = Release|Any CPU
	EndGlobalSection
	GlobalSection(SolutionProperties) = preSolution
		HideSolutionNode = FALSE
	EndGlobalSection
	GlobalSection(ExtensibilityGlobals) = postSolution
		SolutionGuid = {4E7586F9-A7D5-4DEF-AD04-159566A6C32E}
	EndGlobalSection
EndGlobal
